
Microsoft Visual Studio Solution File, Format Version 12.00
# Visual Studio Version 17
VisualStudioVersion = 17.9.34723.18
MinimumVisualStudioVersion = 10.0.40219.1
Project("{8BC9CEB8-8B4A-11D0-8D11-00A0C91BC942}") = "MasterStructures", "MasterStructures.vcxproj", "{045D1F17-B195-49B7-9E5C-700B109A7F39}"
EndProject
Project("{2150E333-8FDC-42A3-9474-1A3956D46DE8}") = "Subjects", "Subjects", "{9FD363D5-35A8-4A28-AE59-59F923C0B34D}"
EndProject
Project("{2150E333-8FDC-42A3-9474-1A3956D46DE8}") = "DLL", "DLL", "{75066B1C-FA04-4490-891A-2316574A1536}"
EndProject
Project("{2150E333-8FDC-42A3-9474-1A3956D46DE8}") = "HT", "HT", "{2574103F-B28A-4A0C-8909-E66C7CFC487E}"
EndProject
Project("{2150E333-8FDC-42A3-9474-1A3956D46DE8}") = "BST", "BST", "{D58D9BC4-1DE3-4A9B-AAD4-9EDA5C0F713B}"
EndProject
Project("{8BC9CEB8-8B4A-11D0-8D11-00A0C91BC942}") = "Subj1", "..\Subjects\DLL\Subj1\Subj1.vcxproj", "{A1B73E90-CFB1-4300-A0B2-905EEF56EE5B}"
EndProject
Global
	GlobalSection(SolutionConfigurationPlatforms) = preSolution
		Debug|x64 = Debug|x64
		Debug|x86 = Debug|x86
		Release|x64 = Release|x64
		Release|x86 = Release|x86
	EndGlobalSection
	GlobalSection(ProjectConfigurationPlatforms) = postSolution
		{045D1F17-B195-49B7-9E5C-700B109A7F39}.Debug|x64.ActiveCfg = Debug|x64
		{045D1F17-B195-49B7-9E5C-700B109A7F39}.Debug|x64.Build.0 = Debug|x64
		{045D1F17-B195-49B7-9E5C-700B109A7F39}.Debug|x86.ActiveCfg = Debug|Win32
		{045D1F17-B195-49B7-9E5C-700B109A7F39}.Debug|x86.Build.0 = Debug|Win32
		{045D1F17-B195-49B7-9E5C-700B109A7F39}.Release|x64.ActiveCfg = Release|x64
		{045D1F17-B195-49B7-9E5C-700B109A7F39}.Release|x64.Build.0 = Release|x64
		{045D1F17-B195-49B7-9E5C-700B109A7F39}.Release|x86.ActiveCfg = Release|Win32
		{045D1F17-B195-49B7-9E5C-700B109A7F39}.Release|x86.Build.0 = Release|Win32
		{A1B73E90-CFB1-4300-A0B2-905EEF56EE5B}.Debug|x64.ActiveCfg = Debug|x64
		{A1B73E90-CFB1-4300-A0B2-905EEF56EE5B}.Debug|x64.Build.0 = Debug|x64
		{A1B73E90-CFB1-4300-A0B2-905EEF56EE5B}.Debug|x86.ActiveCfg = Debug|Win32
		{A1B73E90-CFB1-4300-A0B2-905EEF56EE5B}.Debug|x86.Build.0 = Debug|Win32
		{A1B73E90-CFB1-4300-A0B2-905EEF56EE5B}.Release|x64.ActiveCfg = Release|x64
		{A1B73E90-CFB1-4300-A0B2-905EEF56EE5B}.Release|x64.Build.0 = Release|x64
		{A1B73E90-CFB1-4300-A0B2-905EEF56EE5B}.Release|x86.ActiveCfg = Release|Win32
		{A1B73E90-CFB1-4300-A0B2-905EEF56EE5B}.Release|x86.Build.0 = Release|Win32
	EndGlobalSection
	GlobalSection(SolutionProperties) = preSolution
		HideSolutionNode = FALSE
	EndGlobalSection
	GlobalSection(NestedProjects) = preSolution
		{75066B1C-FA04-4490-891A-2316574A1536} = {9FD363D5-35A8-4A28-AE59-59F923C0B34D}
		{2574103F-B28A-4A0C-8909-E66C7CFC487E} = {9FD363D5-35A8-4A28-AE59-59F923C0B34D}
		{D58D9BC4-1DE3-4A9B-AAD4-9EDA5C0F713B} = {9FD363D5-35A8-4A28-AE59-59F923C0B34D}
		{A1B73E90-CFB1-4300-A0B2-905EEF56EE5B} = {75066B1C-FA04-4490-891A-2316574A1536}
	EndGlobalSection
	GlobalSection(ExtensibilityGlobals) = postSolution
		SolutionGuid = {A9DE43D6-4F14-4187-8BC8-4D8D0C0C557F}
	EndGlobalSection
EndGlobal
